
Microsoft Visual Studio Solution File, Format Version 12.00
# Visual Studio Version 17
VisualStudioVersion = 17.8.34511.84
MinimumVisualStudioVersion = 10.0.40219.1
Project("{2150E333-8FDC-42A3-9474-1A3956D46DE8}") = "Application", "Application", "{019C2D93-EBD9-4BCE-8E67-04A47272E98A}"
EndProject
Project("{2150E333-8FDC-42A3-9474-1A3956D46DE8}") = "Domain", "Domain", "{842C0F0E-CC53-4592-8228-FD196D060954}"
EndProject
Project("{2150E333-8FDC-42A3-9474-1A3956D46DE8}") = "Infraestructure", "Infraestructure", "{EA9292C3-AFF4-4120-BA10-8FC72EEA23A0}"
EndProject
Project("{2150E333-8FDC-42A3-9474-1A3956D46DE8}") = "Services", "Services", "{EA022A79-BF4C-4412-833B-6D6A7B0D1578}"
EndProject
Project("{2150E333-8FDC-42A3-9474-1A3956D46DE8}") = "Utilities", "Utilities", "{136128F1-4DF6-410D-857C-0742B9BF0BAB}"
EndProject
Project("{FAE04EC0-301F-11D3-BF4B-00C04F79EFBC}") = "CLINICAL.Domain", "src\CLINICAL.Domain\CLINICAL.Domain.csproj", "{B5E58314-93B0-48D3-A35C-B05A91B2BD8A}"
EndProject
Project("{FAE04EC0-301F-11D3-BF4B-00C04F79EFBC}") = "CLINICAL.Infraestructure", "src\CLINICAL.Infraestructure\CLINICAL.Infraestructure.csproj", "{0032CA64-BF06-4FAA-A3A2-92EEE1976630}"
EndProject
Project("{FAE04EC0-301F-11D3-BF4B-00C04F79EFBC}") = "CLINICAL.Persistence", "src\CLINICAL.Persistence\CLINICAL.Persistence.csproj", "{0B43466C-953F-4EF9-817B-84B6D651C13C}"
EndProject
Project("{FAE04EC0-301F-11D3-BF4B-00C04F79EFBC}") = "CLINICAL.Application.DTOS", "src\CLINICAL.Application.DTOS\CLINICAL.Application.DTOS.csproj", "{27EE7397-9F1A-436C-8933-47DC21289443}"
EndProject
Project("{FAE04EC0-301F-11D3-BF4B-00C04F79EFBC}") = "CLINICAL.Application.Interfaces", "src\CLINICAL.Application.Interfaces\CLINICAL.Application.Interfaces.csproj", "{B4C602B4-38ED-43E1-A021-9FF08FF68089}"
EndProject
Project("{FAE04EC0-301F-11D3-BF4B-00C04F79EFBC}") = "CLINICAL.Application.UseCase", "src\CLINICAL.Application.UseCase\CLINICAL.Application.UseCase.csproj", "{DDF2E3E2-6B96-4996-B295-600A57D9A951}"
EndProject
Project("{FAE04EC0-301F-11D3-BF4B-00C04F79EFBC}") = "CLINICAL.Api", "src\CLINICAL.Api\CLINICAL.Api.csproj", "{F71E998F-FE94-422C-9841-31748020D7A8}"
EndProject
Project("{FAE04EC0-301F-11D3-BF4B-00C04F79EFBC}") = "CLINICAL.Utilities", "src\CLINICAL.Utilities\CLINICAL.Utilities.csproj", "{B429D9F9-1445-4F74-BDC1-C64305B9F910}"
EndProject
Global
	GlobalSection(SolutionConfigurationPlatforms) = preSolution
		Debug|Any CPU = Debug|Any CPU
		Release|Any CPU = Release|Any CPU
	EndGlobalSection
	GlobalSection(ProjectConfigurationPlatforms) = postSolution
		{B5E58314-93B0-48D3-A35C-B05A91B2BD8A}.Debug|Any CPU.ActiveCfg = Debug|Any CPU
		{B5E58314-93B0-48D3-A35C-B05A91B2BD8A}.Debug|Any CPU.Build.0 = Debug|Any CPU
		{B5E58314-93B0-48D3-A35C-B05A91B2BD8A}.Release|Any CPU.ActiveCfg = Release|Any CPU
		{B5E58314-93B0-48D3-A35C-B05A91B2BD8A}.Release|Any CPU.Build.0 = Release|Any CPU
		{0032CA64-BF06-4FAA-A3A2-92EEE1976630}.Debug|Any CPU.ActiveCfg = Debug|Any CPU
		{0032CA64-BF06-4FAA-A3A2-92EEE1976630}.Debug|Any CPU.Build.0 = Debug|Any CPU
		{0032CA64-BF06-4FAA-A3A2-92EEE1976630}.Release|Any CPU.ActiveCfg = Release|Any CPU
		{0032CA64-BF06-4FAA-A3A2-92EEE1976630}.Release|Any CPU.Build.0 = Release|Any CPU
		{0B43466C-953F-4EF9-817B-84B6D651C13C}.Debug|Any CPU.ActiveCfg = Debug|Any CPU
		{0B43466C-953F-4EF9-817B-84B6D651C13C}.Debug|Any CPU.Build.0 = Debug|Any CPU
		{0B43466C-953F-4EF9-817B-84B6D651C13C}.Release|Any CPU.ActiveCfg = Release|Any CPU
		{0B43466C-953F-4EF9-817B-84B6D651C13C}.Release|Any CPU.Build.0 = Release|Any CPU
		{27EE7397-9F1A-436C-8933-47DC21289443}.Debug|Any CPU.ActiveCfg = Debug|Any CPU
		{27EE7397-9F1A-436C-8933-47DC21289443}.Debug|Any CPU.Build.0 = Debug|Any CPU
		{27EE7397-9F1A-436C-8933-47DC21289443}.Release|Any CPU.ActiveCfg = Release|Any CPU
		{27EE7397-9F1A-436C-8933-47DC21289443}.Release|Any CPU.Build.0 = Release|Any CPU
		{B4C602B4-38ED-43E1-A021-9FF08FF68089}.Debug|Any CPU.ActiveCfg = Debug|Any CPU
		{B4C602B4-38ED-43E1-A021-9FF08FF68089}.Debug|Any CPU.Build.0 = Debug|Any CPU
		{B4C602B4-38ED-43E1-A021-9FF08FF68089}.Release|Any CPU.ActiveCfg = Release|Any CPU
		{B4C602B4-38ED-43E1-A021-9FF08FF68089}.Release|Any CPU.Build.0 = Release|Any CPU
		{DDF2E3E2-6B96-4996-B295-600A57D9A951}.Debug|Any CPU.ActiveCfg = Debug|Any CPU
		{DDF2E3E2-6B96-4996-B295-600A57D9A951}.Debug|Any CPU.Build.0 = Debug|Any CPU
		{DDF2E3E2-6B96-4996-B295-600A57D9A951}.Release|Any CPU.ActiveCfg = Release|Any CPU
		{DDF2E3E2-6B96-4996-B295-600A57D9A951}.Release|Any CPU.Build.0 = Release|Any CPU
		{F71E998F-FE94-422C-9841-31748020D7A8}.Debug|Any CPU.ActiveCfg = Debug|Any CPU
		{F71E998F-FE94-422C-9841-31748020D7A8}.Debug|Any CPU.Build.0 = Debug|Any CPU
		{F71E998F-FE94-422C-9841-31748020D7A8}.Release|Any CPU.ActiveCfg = Release|Any CPU
		{F71E998F-FE94-422C-9841-31748020D7A8}.Release|Any CPU.Build.0 = Release|Any CPU
		{B429D9F9-1445-4F74-BDC1-C64305B9F910}.Debug|Any CPU.ActiveCfg = Debug|Any CPU
		{B429D9F9-1445-4F74-BDC1-C64305B9F910}.Debug|Any CPU.Build.0 = Debug|Any CPU
		{B429D9F9-1445-4F74-BDC1-C64305B9F910}.Release|Any CPU.ActiveCfg = Release|Any CPU
		{B429D9F9-1445-4F74-BDC1-C64305B9F910}.Release|Any CPU.Build.0 = Release|Any CPU
	EndGlobalSection
	GlobalSection(SolutionProperties) = preSolution
		HideSolutionNode = FALSE
	EndGlobalSection
	GlobalSection(NestedProjects) = preSolution
		{B5E58314-93B0-48D3-A35C-B05A91B2BD8A} = {842C0F0E-CC53-4592-8228-FD196D060954}
		{0032CA64-BF06-4FAA-A3A2-92EEE1976630} = {EA9292C3-AFF4-4120-BA10-8FC72EEA23A0}
		{0B43466C-953F-4EF9-817B-84B6D651C13C} = {EA9292C3-AFF4-4120-BA10-8FC72EEA23A0}
		{27EE7397-9F1A-436C-8933-47DC21289443} = {019C2D93-EBD9-4BCE-8E67-04A47272E98A}
		{B4C602B4-38ED-43E1-A021-9FF08FF68089} = {019C2D93-EBD9-4BCE-8E67-04A47272E98A}
		{DDF2E3E2-6B96-4996-B295-600A57D9A951} = {019C2D93-EBD9-4BCE-8E67-04A47272E98A}
		{F71E998F-FE94-422C-9841-31748020D7A8} = {EA022A79-BF4C-4412-833B-6D6A7B0D1578}
		{B429D9F9-1445-4F74-BDC1-C64305B9F910} = {136128F1-4DF6-410D-857C-0742B9BF0BAB}
	EndGlobalSection
	GlobalSection(ExtensibilityGlobals) = postSolution
		SolutionGuid = {7F3BF215-A819-440B-A082-2311420E55DA}
	EndGlobalSection
EndGlobal
